// !$*UTF8*$!
{
	archiveVersion = 1;
	classes = {
	};
	objectVersion = 46;
	objects = {

/* Begin PBXBuildFile section */
		1F7FA4001E315D5D00894E64 /* KaushikViewController.m in Sources */ = {isa = PBXBuildFile; fileRef = 1F7FA3FE1E315D5D00894E64 /* KaushikViewController.m */; };
		1F7FA4011E315D5D00894E64 /* KaushikViewController.xib in Resources */ = {isa = PBXBuildFile; fileRef = 1F7FA3FF1E315D5D00894E64 /* KaushikViewController.xib */; };
		2C3407851E31477A000B2FE2 /* CustomImageView.m in Sources */ = {isa = PBXBuildFile; fileRef = 2C3407841E31477A000B2FE2 /* CustomImageView.m */; };
		2C347F061E315BF2001F01AE /* QuestionViewController.m in Sources */ = {isa = PBXBuildFile; fileRef = 2C347F051E315BF2001F01AE /* QuestionViewController.m */; };
		2C40DB061E3153AC00EF2668 /* kaushik-biswas.jpg in Resources */ = {isa = PBXBuildFile; fileRef = 2C40DB051E3153AC00EF2668 /* kaushik-biswas.jpg */; };
		E894FD501E31385C00EF01C7 /* main.m in Sources */ = {isa = PBXBuildFile; fileRef = E894FD4F1E31385C00EF01C7 /* main.m */; };
		E894FD531E31385C00EF01C7 /* AppDelegate.m in Sources */ = {isa = PBXBuildFile; fileRef = E894FD521E31385C00EF01C7 /* AppDelegate.m */; };
		E894FD561E31385C00EF01C7 /* ViewController.m in Sources */ = {isa = PBXBuildFile; fileRef = E894FD551E31385C00EF01C7 /* ViewController.m */; };
		E894FD591E31385C00EF01C7 /* Main.storyboard in Resources */ = {isa = PBXBuildFile; fileRef = E894FD571E31385C00EF01C7 /* Main.storyboard */; };
		E894FD5C1E31385C00EF01C7 /* TriviaGame.xcdatamodeld in Sources */ = {isa = PBXBuildFile; fileRef = E894FD5A1E31385C00EF01C7 /* TriviaGame.xcdatamodeld */; };
		E894FD5E1E31385C00EF01C7 /* Assets.xcassets in Resources */ = {isa = PBXBuildFile; fileRef = E894FD5D1E31385C00EF01C7 /* Assets.xcassets */; };
		E894FD611E31385C00EF01C7 /* LaunchScreen.storyboard in Resources */ = {isa = PBXBuildFile; fileRef = E894FD5F1E31385C00EF01C7 /* LaunchScreen.storyboard */; };
		E894FD701E313E6B00EF01C7 /* JService.m in Sources */ = {isa = PBXBuildFile; fileRef = E894FD6F1E313E6B00EF01C7 /* JService.m */; };
		E894FD731E31559D00EF01C7 /* TriviaQuestion.m in Sources */ = {isa = PBXBuildFile; fileRef = E894FD721E31559D00EF01C7 /* TriviaQuestion.m */; };
		E894FD981E326C7900EF01C7 /* QuestionViewController.xib in Resources */ = {isa = PBXBuildFile; fileRef = E894FD971E326C7900EF01C7 /* QuestionViewController.xib */; };
/* End PBXBuildFile section */

/* Begin PBXFileReference section */
		1F7FA3FD1E315D5D00894E64 /* KaushikViewController.h */ = {isa = PBXFileReference; fileEncoding = 4; lastKnownFileType = sourcecode.c.h; path = KaushikViewController.h; sourceTree = "<group>"; };
		1F7FA3FE1E315D5D00894E64 /* KaushikViewController.m */ = {isa = PBXFileReference; fileEncoding = 4; lastKnownFileType = sourcecode.c.objc; path = KaushikViewController.m; sourceTree = "<group>"; };
		1F7FA3FF1E315D5D00894E64 /* KaushikViewController.xib */ = {isa = PBXFileReference; fileEncoding = 4; lastKnownFileType = file.xib; path = KaushikViewController.xib; sourceTree = "<group>"; };
		2C3407831E31477A000B2FE2 /* CustomImageView.h */ = {isa = PBXFileReference; fileEncoding = 4; lastKnownFileType = sourcecode.c.h; path = CustomImageView.h; sourceTree = "<group>"; };
		2C3407841E31477A000B2FE2 /* CustomImageView.m */ = {isa = PBXFileReference; fileEncoding = 4; lastKnownFileType = sourcecode.c.objc; path = CustomImageView.m; sourceTree = "<group>"; };
		2C347F041E315BF2001F01AE /* QuestionViewController.h */ = {isa = PBXFileReference; fileEncoding = 4; lastKnownFileType = sourcecode.c.h; path = QuestionViewController.h; sourceTree = "<group>"; };
		2C347F051E315BF2001F01AE /* QuestionViewController.m */ = {isa = PBXFileReference; fileEncoding = 4; lastKnownFileType = sourcecode.c.objc; path = QuestionViewController.m; sourceTree = "<group>"; };
		2C40DB051E3153AC00EF2668 /* kaushik-biswas.jpg */ = {isa = PBXFileReference; lastKnownFileType = image.jpeg; path = "kaushik-biswas.jpg"; sourceTree = "<group>"; };
		E894FD4B1E31385C00EF01C7 /* TriviaGame.app */ = {isa = PBXFileReference; explicitFileType = wrapper.application; includeInIndex = 0; path = TriviaGame.app; sourceTree = BUILT_PRODUCTS_DIR; };
		E894FD4F1E31385C00EF01C7 /* main.m */ = {isa = PBXFileReference; lastKnownFileType = sourcecode.c.objc; path = main.m; sourceTree = "<group>"; };
		E894FD511E31385C00EF01C7 /* AppDelegate.h */ = {isa = PBXFileReference; lastKnownFileType = sourcecode.c.h; path = AppDelegate.h; sourceTree = "<group>"; };
		E894FD521E31385C00EF01C7 /* AppDelegate.m */ = {isa = PBXFileReference; lastKnownFileType = sourcecode.c.objc; path = AppDelegate.m; sourceTree = "<group>"; };
		E894FD541E31385C00EF01C7 /* ViewController.h */ = {isa = PBXFileReference; lastKnownFileType = sourcecode.c.h; path = ViewController.h; sourceTree = "<group>"; };
		E894FD551E31385C00EF01C7 /* ViewController.m */ = {isa = PBXFileReference; lastKnownFileType = sourcecode.c.objc; path = ViewController.m; sourceTree = "<group>"; };
		E894FD581E31385C00EF01C7 /* Base */ = {isa = PBXFileReference; lastKnownFileType = file.storyboard; name = Base; path = Base.lproj/Main.storyboard; sourceTree = "<group>"; };
		E894FD5B1E31385C00EF01C7 /* TriviaGame.xcdatamodel */ = {isa = PBXFileReference; lastKnownFileType = wrapper.xcdatamodel; path = TriviaGame.xcdatamodel; sourceTree = "<group>"; };
		E894FD5D1E31385C00EF01C7 /* Assets.xcassets */ = {isa = PBXFileReference; lastKnownFileType = folder.assetcatalog; path = Assets.xcassets; sourceTree = "<group>"; };
		E894FD601E31385C00EF01C7 /* Base */ = {isa = PBXFileReference; lastKnownFileType = file.storyboard; name = Base; path = Base.lproj/LaunchScreen.storyboard; sourceTree = "<group>"; };
		E894FD621E31385C00EF01C7 /* Info.plist */ = {isa = PBXFileReference; lastKnownFileType = text.plist.xml; path = Info.plist; sourceTree = "<group>"; };
		E894FD6E1E313E6B00EF01C7 /* JService.h */ = {isa = PBXFileReference; fileEncoding = 4; lastKnownFileType = sourcecode.c.h; path = JService.h; sourceTree = "<group>"; };
		E894FD6F1E313E6B00EF01C7 /* JService.m */ = {isa = PBXFileReference; fileEncoding = 4; lastKnownFileType = sourcecode.c.objc; path = JService.m; sourceTree = "<group>"; };
		E894FD711E31559D00EF01C7 /* TriviaQuestion.h */ = {isa = PBXFileReference; fileEncoding = 4; lastKnownFileType = sourcecode.c.h; path = TriviaQuestion.h; sourceTree = "<group>"; };
		E894FD721E31559D00EF01C7 /* TriviaQuestion.m */ = {isa = PBXFileReference; fileEncoding = 4; lastKnownFileType = sourcecode.c.objc; path = TriviaQuestion.m; sourceTree = "<group>"; };
		E894FD971E326C7900EF01C7 /* QuestionViewController.xib */ = {isa = PBXFileReference; fileEncoding = 4; lastKnownFileType = file.xib; path = QuestionViewController.xib; sourceTree = "<group>"; };
/* End PBXFileReference section */

/* Begin PBXFrameworksBuildPhase section */
		E894FD481E31385C00EF01C7 /* Frameworks */ = {
			isa = PBXFrameworksBuildPhase;
			buildActionMask = 2147483647;
			files = (
			);
			runOnlyForDeploymentPostprocessing = 0;
		};
/* End PBXFrameworksBuildPhase section */

/* Begin PBXGroup section */
		1F7FA3F31E315C5200894E64 /* KaushikVC */ = {
			isa = PBXGroup;
			children = (
				1F7FA3FF1E315D5D00894E64 /* KaushikViewController.xib */,
				1F7FA3FD1E315D5D00894E64 /* KaushikViewController.h */,
				1F7FA3FE1E315D5D00894E64 /* KaushikViewController.m */,
			);
			name = KaushikVC;
			sourceTree = "<group>";
		};
		2C3407821E31474D000B2FE2 /* CustomClasses */ = {
			isa = PBXGroup;
			children = (
				2C3407831E31477A000B2FE2 /* CustomImageView.h */,
				2C3407841E31477A000B2FE2 /* CustomImageView.m */,
			);
			name = CustomClasses;
			sourceTree = "<group>";
		};
		2C347F031E315BC1001F01AE /* QuestionViewController */ = {
			isa = PBXGroup;
			children = (
				E894FD971E326C7900EF01C7 /* QuestionViewController.xib */,
				2C347F041E315BF2001F01AE /* QuestionViewController.h */,
				2C347F051E315BF2001F01AE /* QuestionViewController.m */,
			);
			name = QuestionViewController;
			sourceTree = "<group>";
		};
		E894FD421E31385C00EF01C7 = {
			isa = PBXGroup;
			children = (
				E894FD4D1E31385C00EF01C7 /* TriviaGame */,
				E894FD4C1E31385C00EF01C7 /* Products */,
			);
			sourceTree = "<group>";
		};
		E894FD4C1E31385C00EF01C7 /* Products */ = {
			isa = PBXGroup;
			children = (
				E894FD4B1E31385C00EF01C7 /* TriviaGame.app */,
			);
			name = Products;
			sourceTree = "<group>";
		};
		E894FD4D1E31385C00EF01C7 /* TriviaGame */ = {
			isa = PBXGroup;
			children = (
				E894FD511E31385C00EF01C7 /* AppDelegate.h */,
				E894FD521E31385C00EF01C7 /* AppDelegate.m */,
				E894FD5F1E31385C00EF01C7 /* LaunchScreen.storyboard */,
				2C347F031E315BC1001F01AE /* QuestionViewController */,
				2C3407821E31474D000B2FE2 /* CustomClasses */,
				1F7FA3F31E315C5200894E64 /* KaushikVC */,
				E894FD741E316EB400EF01C7 /* JServiceData */,
				E894FD541E31385C00EF01C7 /* ViewController.h */,
				E894FD551E31385C00EF01C7 /* ViewController.m */,
				E894FD571E31385C00EF01C7 /* Main.storyboard */,
				E894FD5D1E31385C00EF01C7 /* Assets.xcassets */,
				E894FD621E31385C00EF01C7 /* Info.plist */,
				E894FD5A1E31385C00EF01C7 /* TriviaGame.xcdatamodeld */,
				E894FD4E1E31385C00EF01C7 /* Supporting Files */,
			);
			path = TriviaGame;
			sourceTree = "<group>";
		};
		E894FD4E1E31385C00EF01C7 /* Supporting Files */ = {
			isa = PBXGroup;
			children = (
				2C40DB051E3153AC00EF2668 /* kaushik-biswas.jpg */,
				E894FD4F1E31385C00EF01C7 /* main.m */,
			);
			name = "Supporting Files";
			sourceTree = "<group>";
		};
		E894FD741E316EB400EF01C7 /* JServiceData */ = {
			isa = PBXGroup;
			children = (
				E894FD711E31559D00EF01C7 /* TriviaQuestion.h */,
				E894FD721E31559D00EF01C7 /* TriviaQuestion.m */,
				E894FD6E1E313E6B00EF01C7 /* JService.h */,
				E894FD6F1E313E6B00EF01C7 /* JService.m */,
			);
			name = JServiceData;
			sourceTree = "<group>";
		};
/* End PBXGroup section */

/* Begin PBXNativeTarget section */
		E894FD4A1E31385C00EF01C7 /* TriviaGame */ = {
			isa = PBXNativeTarget;
			buildConfigurationList = E894FD651E31385C00EF01C7 /* Build configuration list for PBXNativeTarget "TriviaGame" */;
			buildPhases = (
				E894FD471E31385C00EF01C7 /* Sources */,
				E894FD481E31385C00EF01C7 /* Frameworks */,
				E894FD491E31385C00EF01C7 /* Resources */,
			);
			buildRules = (
			);
			dependencies = (
			);
			name = TriviaGame;
			productName = TriviaGame;
			productReference = E894FD4B1E31385C00EF01C7 /* TriviaGame.app */;
			productType = "com.apple.product-type.application";
		};
/* End PBXNativeTarget section */

/* Begin PBXProject section */
		E894FD431E31385C00EF01C7 /* Project object */ = {
			isa = PBXProject;
			attributes = {
				LastUpgradeCheck = 0820;
				ORGANIZATIONNAME = TrivGame;
				TargetAttributes = {
					E894FD4A1E31385C00EF01C7 = {
						CreatedOnToolsVersion = 8.2.1;
						DevelopmentTeam = 23CD7FLSSH;
						ProvisioningStyle = Automatic;
					};
				};
			};
			buildConfigurationList = E894FD461E31385C00EF01C7 /* Build configuration list for PBXProject "TriviaGame" */;
			compatibilityVersion = "Xcode 3.2";
			developmentRegion = English;
			hasScannedForEncodings = 0;
			knownRegions = (
				en,
				Base,
			);
			mainGroup = E894FD421E31385C00EF01C7;
			productRefGroup = E894FD4C1E31385C00EF01C7 /* Products */;
			projectDirPath = "";
			projectRoot = "";
			targets = (
				E894FD4A1E31385C00EF01C7 /* TriviaGame */,
			);
		};
/* End PBXProject section */

/* Begin PBXResourcesBuildPhase section */
		E894FD491E31385C00EF01C7 /* Resources */ = {
			isa = PBXResourcesBuildPhase;
			buildActionMask = 2147483647;
			files = (
				E894FD611E31385C00EF01C7 /* LaunchScreen.storyboard in Resources */,
				E894FD5E1E31385C00EF01C7 /* Assets.xcassets in Resources */,
				E894FD981E326C7900EF01C7 /* QuestionViewController.xib in Resources */,
				1F7FA4011E315D5D00894E64 /* KaushikViewController.xib in Resources */,
				E894FD591E31385C00EF01C7 /* Main.storyboard in Resources */,
				2C40DB061E3153AC00EF2668 /* kaushik-biswas.jpg in Resources */,
			);
			runOnlyForDeploymentPostprocessing = 0;
		};
/* End PBXResourcesBuildPhase section */

/* Begin PBXSourcesBuildPhase section */
		E894FD471E31385C00EF01C7 /* Sources */ = {
			isa = PBXSourcesBuildPhase;
			buildActionMask = 2147483647;
			files = (
				2C3407851E31477A000B2FE2 /* CustomImageView.m in Sources */,
				1F7FA4001E315D5D00894E64 /* KaushikViewController.m in Sources */,
				E894FD5C1E31385C00EF01C7 /* TriviaGame.xcdatamodeld in Sources */,
				2C347F061E315BF2001F01AE /* QuestionViewController.m in Sources */,
				E894FD561E31385C00EF01C7 /* ViewController.m in Sources */,
				E894FD731E31559D00EF01C7 /* TriviaQuestion.m in Sources */,
				E894FD531E31385C00EF01C7 /* AppDelegate.m in Sources */,
				E894FD701E313E6B00EF01C7 /* JService.m in Sources */,
				E894FD501E31385C00EF01C7 /* main.m in Sources */,
			);
			runOnlyForDeploymentPostprocessing = 0;
		};
/* End PBXSourcesBuildPhase section */

/* Begin PBXVariantGroup section */
		E894FD571E31385C00EF01C7 /* Main.storyboard */ = {
			isa = PBXVariantGroup;
			children = (
				E894FD581E31385C00EF01C7 /* Base */,
			);
			name = Main.storyboard;
			sourceTree = "<group>";
		};
		E894FD5F1E31385C00EF01C7 /* LaunchScreen.storyboard */ = {
			isa = PBXVariantGroup;
			children = (
				E894FD601E31385C00EF01C7 /* Base */,
			);
			name = LaunchScreen.storyboard;
			sourceTree = "<group>";
		};
/* End PBXVariantGroup section */

/* Begin XCBuildConfiguration section */
		E894FD631E31385C00EF01C7 /* Debug */ = {
			isa = XCBuildConfiguration;
			buildSettings = {
				ALWAYS_SEARCH_USER_PATHS = NO;
				CLANG_ANALYZER_NONNULL = YES;
				CLANG_CXX_LANGUAGE_STANDARD = "gnu++0x";
				CLANG_CXX_LIBRARY = "libc++";
				CLANG_ENABLE_MODULES = YES;
				CLANG_ENABLE_OBJC_ARC = YES;
				CLANG_WARN_BOOL_CONVERSION = YES;
				CLANG_WARN_CONSTANT_CONVERSION = YES;
				CLANG_WARN_DIRECT_OBJC_ISA_USAGE = YES_ERROR;
				CLANG_WARN_DOCUMENTATION_COMMENTS = YES;
				CLANG_WARN_EMPTY_BODY = YES;
				CLANG_WARN_ENUM_CONVERSION = YES;
				CLANG_WARN_INFINITE_RECURSION = YES;
				CLANG_WARN_INT_CONVERSION = YES;
				CLANG_WARN_OBJC_ROOT_CLASS = YES_ERROR;
				CLANG_WARN_SUSPICIOUS_MOVE = YES;
				CLANG_WARN_UNREACHABLE_CODE = YES;
				CLANG_WARN__DUPLICATE_METHOD_MATCH = YES;
				"CODE_SIGN_IDENTITY[sdk=iphoneos*]" = "iPhone Developer";
				COPY_PHASE_STRIP = NO;
				DEBUG_INFORMATION_FORMAT = dwarf;
				ENABLE_STRICT_OBJC_MSGSEND = YES;
				ENABLE_TESTABILITY = YES;
				GCC_C_LANGUAGE_STANDARD = gnu99;
				GCC_DYNAMIC_NO_PIC = NO;
				GCC_NO_COMMON_BLOCKS = YES;
				GCC_OPTIMIZATION_LEVEL = 0;
				GCC_PREPROCESSOR_DEFINITIONS = (
					"DEBUG=1",
					"$(inherited)",
				);
				GCC_WARN_64_TO_32_BIT_CONVERSION = YES;
				GCC_WARN_ABOUT_RETURN_TYPE = YES_ERROR;
				GCC_WARN_UNDECLARED_SELECTOR = YES;
				GCC_WARN_UNINITIALIZED_AUTOS = YES_AGGRESSIVE;
				GCC_WARN_UNUSED_FUNCTION = YES;
				GCC_WARN_UNUSED_VARIABLE = YES;
				IPHONEOS_DEPLOYMENT_TARGET = 10.2;
				MTL_ENABLE_DEBUG_INFO = YES;
				ONLY_ACTIVE_ARCH = YES;
				SDKROOT = iphoneos;
				TARGETED_DEVICE_FAMILY = "1,2";
			};
			name = Debug;
		};
		E894FD641E31385C00EF01C7 /* Release */ = {
			isa = XCBuildConfiguration;
			buildSettings = {
				ALWAYS_SEARCH_USER_PATHS = NO;
				CLANG_ANALYZER_NONNULL = YES;
				CLANG_CXX_LANGUAGE_STANDARD = "gnu++0x";
				CLANG_CXX_LIBRARY = "libc++";
				CLANG_ENABLE_MODULES = YES;
				CLANG_ENABLE_OBJC_ARC = YES;
				CLANG_WARN_BOOL_CONVERSION = YES;
				CLANG_WARN_CONSTANT_CONVERSION = YES;
				CLANG_WARN_DIRECT_OBJC_ISA_USAGE = YES_ERROR;
				CLANG_WARN_DOCUMENTATION_COMMENTS = YES;
				CLANG_WARN_EMPTY_BODY = YES;
				CLANG_WARN_ENUM_CONVERSION = YES;
				CLANG_WARN_INFINITE_RECURSION = YES;
				CLANG_WARN_INT_CONVERSION = YES;
				CLANG_WARN_OBJC_ROOT_CLASS = YES_ERROR;
				CLANG_WARN_SUSPICIOUS_MOVE = YES;
				CLANG_WARN_UNREACHABLE_CODE = YES;
				CLANG_WARN__DUPLICATE_METHOD_MATCH = YES;
				"CODE_SIGN_IDENTITY[sdk=iphoneos*]" = "iPhone Developer";
				COPY_PHASE_STRIP = NO;
				DEBUG_INFORMATION_FORMAT = "dwarf-with-dsym";
				ENABLE_NS_ASSERTIONS = NO;
				ENABLE_STRICT_OBJC_MSGSEND = YES;
				GCC_C_LANGUAGE_STANDARD = gnu99;
				GCC_NO_COMMON_BLOCKS = YES;
				GCC_WARN_64_TO_32_BIT_CONVERSION = YES;
				GCC_WARN_ABOUT_RETURN_TYPE = YES_ERROR;
				GCC_WARN_UNDECLARED_SELECTOR = YES;
				GCC_WARN_UNINITIALIZED_AUTOS = YES_AGGRESSIVE;
				GCC_WARN_UNUSED_FUNCTION = YES;
				GCC_WARN_UNUSED_VARIABLE = YES;
				IPHONEOS_DEPLOYMENT_TARGET = 10.2;
				MTL_ENABLE_DEBUG_INFO = NO;
				SDKROOT = iphoneos;
				TARGETED_DEVICE_FAMILY = "1,2";
				VALIDATE_PRODUCT = YES;
			};
			name = Release;
		};
		E894FD661E31385C00EF01C7 /* Debug */ = {
			isa = XCBuildConfiguration;
			buildSettings = {
				ASSETCATALOG_COMPILER_APPICON_NAME = AppIcon;
				DEVELOPMENT_TEAM = 23CD7FLSSH;
				INFOPLIST_FILE = TriviaGame/Info.plist;
				IPHONEOS_DEPLOYMENT_TARGET = 10.1;
				LD_RUNPATH_SEARCH_PATHS = "$(inherited) @executable_path/Frameworks";
				PRODUCT_BUNDLE_IDENTIFIER = com.TrivGame.TriviaGame;
				PRODUCT_NAME = "$(TARGET_NAME)";
			};
			name = Debug;
		};
		E894FD671E31385C00EF01C7 /* Release */ = {
			isa = XCBuildConfiguration;
			buildSettings = {
				ASSETCATALOG_COMPILER_APPICON_NAME = AppIcon;
				DEVELOPMENT_TEAM = 23CD7FLSSH;
				INFOPLIST_FILE = TriviaGame/Info.plist;
				IPHONEOS_DEPLOYMENT_TARGET = 10.1;
				LD_RUNPATH_SEARCH_PATHS = "$(inherited) @executable_path/Frameworks";
				PRODUCT_BUNDLE_IDENTIFIER = com.TrivGame.TriviaGame;
				PRODUCT_NAME = "$(TARGET_NAME)";
			};
			name = Release;
		};
/* End XCBuildConfiguration section */

/* Begin XCConfigurationList section */
		E894FD461E31385C00EF01C7 /* Build configuration list for PBXProject "TriviaGame" */ = {
			isa = XCConfigurationList;
			buildConfigurations = (
				E894FD631E31385C00EF01C7 /* Debug */,
				E894FD641E31385C00EF01C7 /* Release */,
			);
			defaultConfigurationIsVisible = 0;
			defaultConfigurationName = Release;
		};
		E894FD651E31385C00EF01C7 /* Build configuration list for PBXNativeTarget "TriviaGame" */ = {
			isa = XCConfigurationList;
			buildConfigurations = (
				E894FD661E31385C00EF01C7 /* Debug */,
				E894FD671E31385C00EF01C7 /* Release */,
			);
			defaultConfigurationIsVisible = 0;
			defaultConfigurationName = Release;
		};
/* End XCConfigurationList section */

/* Begin XCVersionGroup section */
		E894FD5A1E31385C00EF01C7 /* TriviaGame.xcdatamodeld */ = {
			isa = XCVersionGroup;
			children = (
				E894FD5B1E31385C00EF01C7 /* TriviaGame.xcdatamodel */,
			);
			currentVersion = E894FD5B1E31385C00EF01C7 /* TriviaGame.xcdatamodel */;
			path = TriviaGame.xcdatamodeld;
			sourceTree = "<group>";
			versionGroupType = wrapper.xcdatamodel;
		};
/* End XCVersionGroup section */
	};
	rootObject = E894FD431E31385C00EF01C7 /* Project object */;
}
